
Microsoft Visual Studio Solution File, Format Version 12.00
# Visual Studio Version 17
VisualStudioVersion = 17.9.34701.34
MinimumVisualStudioVersion = 10.0.40219.1
Project("{FAE04EC0-301F-11D3-BF4B-00C04F79EFBC}") = "pry_ventas_ds505", "app_ventas_ds505\pry_ventas_ds505.csproj", "{AA5921BA-5F5E-4FF5-B608-0019D7381C67}"
EndProject
Global
	GlobalSection(SolutionConfigurationPlatforms) = preSolution
		Debug|Any CPU = Debug|Any CPU
		Release|Any CPU = Release|Any CPU
	EndGlobalSection
	GlobalSection(ProjectConfigurationPlatforms) = postSolution
		{AA5921BA-5F5E-4FF5-B608-0019D7381C67}.Debug|Any CPU.ActiveCfg = Debug|Any CPU
		{AA5921BA-5F5E-4FF5-B608-0019D7381C67}.Debug|Any CPU.Build.0 = Debug|Any CPU
		{AA5921BA-5F5E-4FF5-B608-0019D7381C67}.Release|Any CPU.ActiveCfg = Release|Any CPU
		{AA5921BA-5F5E-4FF5-B608-0019D7381C67}.Release|Any CPU.Build.0 = Release|Any CPU
	EndGlobalSection
	GlobalSection(SolutionProperties) = preSolution
		HideSolutionNode = FALSE
	EndGlobalSection
	GlobalSection(ExtensibilityGlobals) = postSolution
		SolutionGuid = {C9D3B3FB-A20C-4CD8-AAB4-2DB6B317F2C5}
	EndGlobalSection
EndGlobal
